
Microsoft Visual Studio Solution File, Format Version 12.00
# Visual Studio Version 17
VisualStudioVersion = 17.5.002.0
MinimumVisualStudioVersion = 10.0.40219.1
Project("{9A19103F-16F7-4668-BE54-9A1E7A4F7556}") = "singlethread", "singlethread.csproj", "{4D22E480-0CBD-4627-8A8B-44EFECDC61AA}"
EndProject
Global
	GlobalSection(SolutionConfigurationPlatforms) = preSolution
		Debug|Any CPU = Debug|Any CPU
		Release|Any CPU = Release|Any CPU
	EndGlobalSection
	GlobalSection(ProjectConfigurationPlatforms) = postSolution
		{4D22E480-0CBD-4627-8A8B-44EFECDC61AA}.Debug|Any CPU.ActiveCfg = Debug|Any CPU
		{4D22E480-0CBD-4627-8A8B-44EFECDC61AA}.Debug|Any CPU.Build.0 = Debug|Any CPU
		{4D22E480-0CBD-4627-8A8B-44EFECDC61AA}.Release|Any CPU.ActiveCfg = Release|Any CPU
		{4D22E480-0CBD-4627-8A8B-44EFECDC61AA}.Release|Any CPU.Build.0 = Release|Any CPU
	EndGlobalSection
	GlobalSection(SolutionProperties) = preSolution
		HideSolutionNode = FALSE
	EndGlobalSection
	GlobalSection(ExtensibilityGlobals) = postSolution
		SolutionGuid = {90A2DD42-6C4A-4FD9-A76C-CDBE6C5408AD}
	EndGlobalSection
EndGlobal
